
Microsoft Visual Studio Solution File, Format Version 12.00
# Visual Studio 2013
VisualStudioVersion = 12.0.30723.0
MinimumVisualStudioVersion = 10.0.40219.1
Project("{FAE04EC0-301F-11D3-BF4B-00C04F79EFBC}") = "SignalR.StockTicker", "SignalR.StockTicker\SignalR.StockTicker.csproj", "{3956F8D3-4930-4B60-ADA7-A0AF0E78C26B}"
EndProject
Project("{2150E333-8FDC-42A3-9474-1A3956D46DE8}") = ".nuget", ".nuget", "{9104B952-967F-4B78-8BD5-087406B2DA24}"
	ProjectSection(SolutionItems) = preProject
		.nuget\NuGet.Config = .nuget\NuGet.Config
		.nuget\NuGet.exe = .nuget\NuGet.exe
		.nuget\NuGet.targets = .nuget\NuGet.targets
	EndProjectSection
EndProject
Global
	GlobalSection(SolutionConfigurationPlatforms) = preSolution
		Debug|Any CPU = Debug|Any CPU
		Release|Any CPU = Release|Any CPU
	EndGlobalSection
	GlobalSection(ProjectConfigurationPlatforms) = postSolution
		{3956F8D3-4930-4B60-ADA7-A0AF0E78C26B}.Debug|Any CPU.ActiveCfg = Debug|Any CPU
		{3956F8D3-4930-4B60-ADA7-A0AF0E78C26B}.Debug|Any CPU.Build.0 = Debug|Any CPU
		{3956F8D3-4930-4B60-ADA7-A0AF0E78C26B}.Release|Any CPU.ActiveCfg = Release|Any CPU
		{3956F8D3-4930-4B60-ADA7-A0AF0E78C26B}.Release|Any CPU.Build.0 = Release|Any CPU
	EndGlobalSection
	GlobalSection(SolutionProperties) = preSolution
		HideSolutionNode = FALSE
	EndGlobalSection
EndGlobal
